<?xml version="1.0" encoding="utf-8"?>
<Project ToolsVersion="4.0" xmlns="http://schemas.microsoft.com/developer/msbuild/2003">
  <ItemGroup>
    <Filter Include="Исходные файлы">
      <UniqueIdentifier>{4FC737F1-C7A5-4376-A066-2A32D752A2FF}</UniqueIdentifier>
      <Extensions>cpp;c;cc;cxx;c++;cppm;ixx;def;odl;idl;hpj;bat;asm;asmx</Extensions>
    </Filter>
    <Filter Include="Файлы заголовков">
      <UniqueIdentifier>{93995380-89BD-4b04-88EB-625FBE52EBFB}</UniqueIdentifier>
      <Extensions>h;hh;hpp;hxx;h++;hm;inl;inc;ipp;xsd</Extensions>
    </Filter>
    <Filter Include="Файлы ресурсов">
      <UniqueIdentifier>{67DA6AB6-F800-4c08-8B7A-83BB121AAD01}</UniqueIdentifier>
      <Extensions>rc;ico;cur;bmp;dlg;rc2;rct;bin;rgs;gif;jpg;jpeg;jpe;resx;tiff;tif;png;wav;mfcribbon-ms</Extensions>
    </Filter>
    <Filter Include="Исходные файлы\src_dev1">
      <UniqueIdentifier>{a39b24b4-83a5-4709-bc7f-ae7c250ea8c7}</UniqueIdentifier>
    </Filter>
    <Filter Include="Исходные файлы\src_dev2">
      <UniqueIdentifier>{d53b920a-9370-4a7d-b838-d2e1191aca09}</UniqueIdentifier>
    </Filter>
    <Filter Include="Исходные файлы\src_dev3">
      <UniqueIdentifier>{765c46ed-9e07-4b16-9823-53a851cfa92a}</UniqueIdentifier>
    </Filter>
  </ItemGroup>
</Project>